
Microsoft Visual Studio Solution File, Format Version 12.00
# Visual Studio Version 17
VisualStudioVersion = 17.0.31903.59
MinimumVisualStudioVersion = 10.0.40219.1
Project("{FAE04EC0-301F-11D3-BF4B-00C04F79EFBC}") = "BusShuttle", "BusShuttle\BusShuttle.csproj", "{B6BB3599-6635-44AF-A6C8-C8F85C17CD0A}"
EndProject
Global
	GlobalSection(SolutionConfigurationPlatforms) = preSolution
		Debug|Any CPU = Debug|Any CPU
		Release|Any CPU = Release|Any CPU
	EndGlobalSection
	GlobalSection(SolutionProperties) = preSolution
		HideSolutionNode = FALSE
	EndGlobalSection
	GlobalSection(ProjectConfigurationPlatforms) = postSolution
		{B6BB3599-6635-44AF-A6C8-C8F85C17CD0A}.Debug|Any CPU.ActiveCfg = Debug|Any CPU
		{B6BB3599-6635-44AF-A6C8-C8F85C17CD0A}.Debug|Any CPU.Build.0 = Debug|Any CPU
		{B6BB3599-6635-44AF-A6C8-C8F85C17CD0A}.Release|Any CPU.ActiveCfg = Release|Any CPU
		{B6BB3599-6635-44AF-A6C8-C8F85C17CD0A}.Release|Any CPU.Build.0 = Release|Any CPU
	EndGlobalSection
EndGlobal
